
Microsoft Visual Studio Solution File, Format Version 12.00
# Visual Studio Version 17
VisualStudioVersion = 17.8.34511.84
MinimumVisualStudioVersion = 10.0.40219.1
Project("{FAE04EC0-301F-11D3-BF4B-00C04F79EFBC}") = "Szeminarium1_24_02_17_2", "Szeminarium1_24_02_17_2\Szeminarium1_24_02_17_2.csproj", "{3413DB5A-5028-4625-95F5-05B7AB7472F2}"
EndProject
Global
	GlobalSection(SolutionConfigurationPlatforms) = preSolution
		Debug|Any CPU = Debug|Any CPU
		Release|Any CPU = Release|Any CPU
	EndGlobalSection
	GlobalSection(ProjectConfigurationPlatforms) = postSolution
		{3413DB5A-5028-4625-95F5-05B7AB7472F2}.Debug|Any CPU.ActiveCfg = Debug|Any CPU
		{3413DB5A-5028-4625-95F5-05B7AB7472F2}.Debug|Any CPU.Build.0 = Debug|Any CPU
		{3413DB5A-5028-4625-95F5-05B7AB7472F2}.Release|Any CPU.ActiveCfg = Release|Any CPU
		{3413DB5A-5028-4625-95F5-05B7AB7472F2}.Release|Any CPU.Build.0 = Release|Any CPU
	EndGlobalSection
	GlobalSection(SolutionProperties) = preSolution
		HideSolutionNode = FALSE
	EndGlobalSection
	GlobalSection(ExtensibilityGlobals) = postSolution
		SolutionGuid = {EF29B2E3-A525-4793-8645-4EA651F4B525}
	EndGlobalSection
EndGlobal
